
Microsoft Visual Studio Solution File, Format Version 12.00
# Visual Studio Version 17
VisualStudioVersion = 17.13.35931.197
MinimumVisualStudioVersion = 10.0.40219.1
Project("{FAE04EC0-301F-11D3-BF4B-00C04F79EFBC}") = "OrganizadorHorariosMovil", "OrganizadorHorariosMovil\OrganizadorHorariosMovil.csproj", "{1E740661-1E66-4FCC-AB93-23EDA2BF8621}"
EndProject
Global
	GlobalSection(SolutionConfigurationPlatforms) = preSolution
		Debug|Any CPU = Debug|Any CPU
		Release|Any CPU = Release|Any CPU
	EndGlobalSection
	GlobalSection(ProjectConfigurationPlatforms) = postSolution
		{1E740661-1E66-4FCC-AB93-23EDA2BF8621}.Debug|Any CPU.ActiveCfg = Debug|Any CPU
		{1E740661-1E66-4FCC-AB93-23EDA2BF8621}.Debug|Any CPU.Build.0 = Debug|Any CPU
		{1E740661-1E66-4FCC-AB93-23EDA2BF8621}.Release|Any CPU.ActiveCfg = Release|Any CPU
		{1E740661-1E66-4FCC-AB93-23EDA2BF8621}.Release|Any CPU.Build.0 = Release|Any CPU
		{1E740661-1E66-4FCC-AB93-23EDA2BF8621}.Release|Any CPU.Deploy.0 = Release|Any CPU
	EndGlobalSection
	GlobalSection(SolutionProperties) = preSolution
		HideSolutionNode = FALSE
	EndGlobalSection
	GlobalSection(ExtensibilityGlobals) = postSolution
		SolutionGuid = {2FB22254-D613-4738-8C97-6C16BBB3F213}
	EndGlobalSection
EndGlobal
